
Microsoft Visual Studio Solution File, Format Version 12.00
# Visual Studio Version 17
VisualStudioVersion = 17.5.33414.496
MinimumVisualStudioVersion = 10.0.40219.1
Project("{FAE04EC0-301F-11D3-BF4B-00C04F79EFBC}") = "InteractiveScottPlot", "InteractiveScottPlot.csproj", "{94B492EB-78E8-419B-97CF-65E14AA19CE7}"
EndProject
Global
	GlobalSection(SolutionConfigurationPlatforms) = preSolution
		Debug|Any CPU = Debug|Any CPU
		Release|Any CPU = Release|Any CPU
	EndGlobalSection
	GlobalSection(ProjectConfigurationPlatforms) = postSolution
		{94B492EB-78E8-419B-97CF-65E14AA19CE7}.Debug|Any CPU.ActiveCfg = Debug|Any CPU
		{94B492EB-78E8-419B-97CF-65E14AA19CE7}.Debug|Any CPU.Build.0 = Debug|Any CPU
		{94B492EB-78E8-419B-97CF-65E14AA19CE7}.Release|Any CPU.ActiveCfg = Release|Any CPU
		{94B492EB-78E8-419B-97CF-65E14AA19CE7}.Release|Any CPU.Build.0 = Release|Any CPU
	EndGlobalSection
	GlobalSection(SolutionProperties) = preSolution
		HideSolutionNode = FALSE
	EndGlobalSection
	GlobalSection(ExtensibilityGlobals) = postSolution
		SolutionGuid = {5725B747-EC91-4F20-9B71-06B2496B2162}
	EndGlobalSection
EndGlobal
